// !$*UTF8*$!
{
	archiveVersion = 1;
	classes = {
	};
	objectVersion = 48;
	objects = {

/* Begin PBXBuildFile section */
		145EE57C619C37ED37B66D4F /* Pods_Homework.framework in Frameworks */ = {isa = PBXBuildFile; fileRef = CE8C6C4A9FAD37F2CB741131 /* Pods_Homework.framework */; };
		845388871FEB9A6F00782ED5 /* IQKeyboardManagerSwift.framework in Frameworks */ = {isa = PBXBuildFile; fileRef = 845388881FEB9A6F00782ED5 /* IQKeyboardManagerSwift.framework */; };
		845388911FEBAECC00782ED5 /* Image 7.png in Resources */ = {isa = PBXBuildFile; fileRef = 845388891FEBAEC000782ED5 /* Image 7.png */; };
		845388921FEBAECC00782ED5 /* Image 2.png in Resources */ = {isa = PBXBuildFile; fileRef = 8453888A1FEBAEC300782ED5 /* Image 2.png */; };
		845388931FEBAECC00782ED5 /* Image 3.png in Resources */ = {isa = PBXBuildFile; fileRef = 8453888B1FEBAEC400782ED5 /* Image 3.png */; };
		845388941FEBAECC00782ED5 /* Image 5.png in Resources */ = {isa = PBXBuildFile; fileRef = 8453888C1FEBAEC400782ED5 /* Image 5.png */; };
		845388951FEBAECC00782ED5 /* Image 6.png in Resources */ = {isa = PBXBuildFile; fileRef = 8453888D1FEBAEC600782ED5 /* Image 6.png */; };
		845388961FEBAECC00782ED5 /* Image 4.png in Resources */ = {isa = PBXBuildFile; fileRef = 8453888E1FEBAEC700782ED5 /* Image 4.png */; };
		845388971FEBAECC00782ED5 /* Image 1.png in Resources */ = {isa = PBXBuildFile; fileRef = 8453888F1FEBAEC900782ED5 /* Image 1.png */; };
		845388981FEBAECC00782ED5 /* Image 9.png in Resources */ = {isa = PBXBuildFile; fileRef = 845388901FEBAECC00782ED5 /* Image 9.png */; };
		8453889A1FEBBDDF00782ED5 /* StudentInfoViewController.swift in Sources */ = {isa = PBXBuildFile; fileRef = 845388991FEBBDDF00782ED5 /* StudentInfoViewController.swift */; };
		8453889C1FEBBDFA00782ED5 /* UploadViewController.swift in Sources */ = {isa = PBXBuildFile; fileRef = 8453889B1FEBBDFA00782ED5 /* UploadViewController.swift */; };
		8453889E1FEBBE1600782ED5 /* HomeworkViewController.swift in Sources */ = {isa = PBXBuildFile; fileRef = 8453889D1FEBBE1600782ED5 /* HomeworkViewController.swift */; };
		845388A01FEBBFE600782ED5 /* GoogleService-Info.plist in Resources */ = {isa = PBXBuildFile; fileRef = 8453889F1FEBBFE600782ED5 /* GoogleService-Info.plist */; };
		847617161FEB49BA00DC2B36 /* homework-logo.jpeg in Resources */ = {isa = PBXBuildFile; fileRef = 847617151FEB49BA00DC2B36 /* homework-logo.jpeg */; };
		8476171A1FEB532C00DC2B36 /* SignUpViewController.swift in Sources */ = {isa = PBXBuildFile; fileRef = 847617191FEB532C00DC2B36 /* SignUpViewController.swift */; };
		847617201FEB6F5C00DC2B36 /* CheckboxButton.swift in Sources */ = {isa = PBXBuildFile; fileRef = 8476171F1FEB6F5C00DC2B36 /* CheckboxButton.swift */; };
		847ACEB51FEAE11300C9DD8F /* AppDelegate.swift in Sources */ = {isa = PBXBuildFile; fileRef = 847ACEB41FEAE11300C9DD8F /* AppDelegate.swift */; };
		847ACEB71FEAE11300C9DD8F /* MainViewController.swift in Sources */ = {isa = PBXBuildFile; fileRef = 847ACEB61FEAE11300C9DD8F /* MainViewController.swift */; };
		847ACEBA1FEAE11300C9DD8F /* Main.storyboard in Resources */ = {isa = PBXBuildFile; fileRef = 847ACEB81FEAE11300C9DD8F /* Main.storyboard */; };
		847ACEBC1FEAE11300C9DD8F /* Assets.xcassets in Resources */ = {isa = PBXBuildFile; fileRef = 847ACEBB1FEAE11300C9DD8F /* Assets.xcassets */; };
		847ACEBF1FEAE11300C9DD8F /* LaunchScreen.storyboard in Resources */ = {isa = PBXBuildFile; fileRef = 847ACEBD1FEAE11300C9DD8F /* LaunchScreen.storyboard */; };
		84D3B66B1FEC056700522776 /* TGActionSheet.swift in Sources */ = {isa = PBXBuildFile; fileRef = 84D3B6561FEC056700522776 /* TGActionSheet.swift */; };
		84D3B66C1FEC056700522776 /* TGAlbumPhotoPreviewVC.swift in Sources */ = {isa = PBXBuildFile; fileRef = 84D3B6571FEC056700522776 /* TGAlbumPhotoPreviewVC.swift */; };
		84D3B66D1FEC056700522776 /* TGAnimationButton.swift in Sources */ = {isa = PBXBuildFile; fileRef = 84D3B6581FEC056700522776 /* TGAnimationButton.swift */; };
		84D3B66E1FEC056700522776 /* TGBottomBar.swift in Sources */ = {isa = PBXBuildFile; fileRef = 84D3B6591FEC056700522776 /* TGBottomBar.swift */; };
		84D3B66F1FEC056700522776 /* TGCameraVC.swift in Sources */ = {isa = PBXBuildFile; fileRef = 84D3B65A1FEC056700522776 /* TGCameraVC.swift */; };
		84D3B6701FEC056700522776 /* TGCameraVCForiOS8.swift in Sources */ = {isa = PBXBuildFile; fileRef = 84D3B65B1FEC056700522776 /* TGCameraVCForiOS8.swift */; };
		84D3B6711FEC056700522776 /* TGFetchM.swift in Sources */ = {isa = PBXBuildFile; fileRef = 84D3B65C1FEC056700522776 /* TGFetchM.swift */; };
		84D3B6721FEC056700522776 /* TGImage.swift in Sources */ = {isa = PBXBuildFile; fileRef = 84D3B65D1FEC056700522776 /* TGImage.swift */; };
		84D3B6731FEC056700522776 /* TGPhotoCollectionVC.swift in Sources */ = {isa = PBXBuildFile; fileRef = 84D3B65E1FEC056700522776 /* TGPhotoCollectionVC.swift */; };
		84D3B6741FEC056700522776 /* TGPhotoFetchOptions.swift in Sources */ = {isa = PBXBuildFile; fileRef = 84D3B65F1FEC056700522776 /* TGPhotoFetchOptions.swift */; };
		84D3B6751FEC056700522776 /* TGPhotoImageManager.swift in Sources */ = {isa = PBXBuildFile; fileRef = 84D3B6601FEC056700522776 /* TGPhotoImageManager.swift */; };
		84D3B6761FEC056700522776 /* TGPhotoListVC.swift in Sources */ = {isa = PBXBuildFile; fileRef = 84D3B6611FEC056700522776 /* TGPhotoListVC.swift */; };
		84D3B6771FEC056700522776 /* TGPhotoM.swift in Sources */ = {isa = PBXBuildFile; fileRef = 84D3B6621FEC056700522776 /* TGPhotoM.swift */; };
		84D3B6781FEC056700522776 /* TGPhotoPicker.bundle in Resources */ = {isa = PBXBuildFile; fileRef = 84D3B6631FEC056700522776 /* TGPhotoPicker.bundle */; };
		84D3B6791FEC056700522776 /* TGPhotoPicker.swift in Sources */ = {isa = PBXBuildFile; fileRef = 84D3B6641FEC056700522776 /* TGPhotoPicker.swift */; };
		84D3B67A1FEC056700522776 /* TGPhotoPickerConfig.swift in Sources */ = {isa = PBXBuildFile; fileRef = 84D3B6651FEC056700522776 /* TGPhotoPickerConfig.swift */; };
		84D3B67B1FEC056700522776 /* TGPhotoPickerManager.swift in Sources */ = {isa = PBXBuildFile; fileRef = 84D3B6661FEC056700522776 /* TGPhotoPickerManager.swift */; };
		84D3B67C1FEC056700522776 /* TGPhotoPickerVC.swift in Sources */ = {isa = PBXBuildFile; fileRef = 84D3B6671FEC056700522776 /* TGPhotoPickerVC.swift */; };
		84D3B67D1FEC056700522776 /* TGPhotoPreviewCell.swift in Sources */ = {isa = PBXBuildFile; fileRef = 84D3B6681FEC056700522776 /* TGPhotoPreviewCell.swift */; };
		84D3B67E1FEC056700522776 /* TGPhotoPreviewVC.swift in Sources */ = {isa = PBXBuildFile; fileRef = 84D3B6691FEC056700522776 /* TGPhotoPreviewVC.swift */; };
		84D3B67F1FEC056700522776 /* TGTopBar.swift in Sources */ = {isa = PBXBuildFile; fileRef = 84D3B66A1FEC056700522776 /* TGTopBar.swift */; };
		84F1C9BB1FEBF26F00B71CF0 /* icon-drop-down.png in Resources */ = {isa = PBXBuildFile; fileRef = 84F1C9BA1FEBF26E00B71CF0 /* icon-drop-down.png */; };
/* End PBXBuildFile section */

/* Begin PBXFileReference section */
		845388881FEB9A6F00782ED5 /* IQKeyboardManagerSwift.framework */ = {isa = PBXFileReference; explicitFileType = wrapper.framework; path = IQKeyboardManagerSwift.framework; sourceTree = BUILT_PRODUCTS_DIR; };
		845388891FEBAEC000782ED5 /* Image 7.png */ = {isa = PBXFileReference; lastKnownFileType = image.png; path = "Image 7.png"; sourceTree = "<group>"; };
		8453888A1FEBAEC300782ED5 /* Image 2.png */ = {isa = PBXFileReference; lastKnownFileType = image.png; path = "Image 2.png"; sourceTree = "<group>"; };
		8453888B1FEBAEC400782ED5 /* Image 3.png */ = {isa = PBXFileReference; lastKnownFileType = image.png; path = "Image 3.png"; sourceTree = "<group>"; };
		8453888C1FEBAEC400782ED5 /* Image 5.png */ = {isa = PBXFileReference; lastKnownFileType = image.png; path = "Image 5.png"; sourceTree = "<group>"; };
		8453888D1FEBAEC600782ED5 /* Image 6.png */ = {isa = PBXFileReference; lastKnownFileType = image.png; path = "Image 6.png"; sourceTree = "<group>"; };
		8453888E1FEBAEC700782ED5 /* Image 4.png */ = {isa = PBXFileReference; lastKnownFileType = image.png; path = "Image 4.png"; sourceTree = "<group>"; };
		8453888F1FEBAEC900782ED5 /* Image 1.png */ = {isa = PBXFileReference; lastKnownFileType = image.png; path = "Image 1.png"; sourceTree = "<group>"; };
		845388901FEBAECC00782ED5 /* Image 9.png */ = {isa = PBXFileReference; lastKnownFileType = image.png; path = "Image 9.png"; sourceTree = "<group>"; };
		845388991FEBBDDF00782ED5 /* StudentInfoViewController.swift */ = {isa = PBXFileReference; lastKnownFileType = sourcecode.swift; path = StudentInfoViewController.swift; sourceTree = "<group>"; };
		8453889B1FEBBDFA00782ED5 /* UploadViewController.swift */ = {isa = PBXFileReference; lastKnownFileType = sourcecode.swift; path = UploadViewController.swift; sourceTree = "<group>"; };
		8453889D1FEBBE1600782ED5 /* HomeworkViewController.swift */ = {isa = PBXFileReference; lastKnownFileType = sourcecode.swift; path = HomeworkViewController.swift; sourceTree = "<group>"; };
		8453889F1FEBBFE600782ED5 /* GoogleService-Info.plist */ = {isa = PBXFileReference; fileEncoding = 4; lastKnownFileType = text.plist.xml; path = "GoogleService-Info.plist"; sourceTree = "<group>"; };
		847617151FEB49BA00DC2B36 /* homework-logo.jpeg */ = {isa = PBXFileReference; lastKnownFileType = image.jpeg; path = "homework-logo.jpeg"; sourceTree = "<group>"; };
		847617191FEB532C00DC2B36 /* SignUpViewController.swift */ = {isa = PBXFileReference; lastKnownFileType = sourcecode.swift; path = SignUpViewController.swift; sourceTree = "<group>"; };
		8476171F1FEB6F5C00DC2B36 /* CheckboxButton.swift */ = {isa = PBXFileReference; fileEncoding = 4; lastKnownFileType = sourcecode.swift; path = CheckboxButton.swift; sourceTree = "<group>"; };
		847ACEB11FEAE11300C9DD8F /* Homework.app */ = {isa = PBXFileReference; explicitFileType = wrapper.application; includeInIndex = 0; path = Homework.app; sourceTree = BUILT_PRODUCTS_DIR; };
		847ACEB41FEAE11300C9DD8F /* AppDelegate.swift */ = {isa = PBXFileReference; lastKnownFileType = sourcecode.swift; path = AppDelegate.swift; sourceTree = "<group>"; };
		847ACEB61FEAE11300C9DD8F /* MainViewController.swift */ = {isa = PBXFileReference; lastKnownFileType = sourcecode.swift; path = MainViewController.swift; sourceTree = "<group>"; };
		847ACEB91FEAE11300C9DD8F /* Base */ = {isa = PBXFileReference; lastKnownFileType = file.storyboard; name = Base; path = Base.lproj/Main.storyboard; sourceTree = "<group>"; };
		847ACEBB1FEAE11300C9DD8F /* Assets.xcassets */ = {isa = PBXFileReference; lastKnownFileType = folder.assetcatalog; path = Assets.xcassets; sourceTree = "<group>"; };
		847ACEBE1FEAE11300C9DD8F /* Base */ = {isa = PBXFileReference; lastKnownFileType = file.storyboard; name = Base; path = Base.lproj/LaunchScreen.storyboard; sourceTree = "<group>"; };
		847ACEC01FEAE11300C9DD8F /* Info.plist */ = {isa = PBXFileReference; lastKnownFileType = text.plist.xml; path = Info.plist; sourceTree = "<group>"; };
		84D3B6561FEC056700522776 /* TGActionSheet.swift */ = {isa = PBXFileReference; fileEncoding = 4; lastKnownFileType = sourcecode.swift; path = TGActionSheet.swift; sourceTree = "<group>"; };
		84D3B6571FEC056700522776 /* TGAlbumPhotoPreviewVC.swift */ = {isa = PBXFileReference; fileEncoding = 4; lastKnownFileType = sourcecode.swift; path = TGAlbumPhotoPreviewVC.swift; sourceTree = "<group>"; };
		84D3B6581FEC056700522776 /* TGAnimationButton.swift */ = {isa = PBXFileReference; fileEncoding = 4; lastKnownFileType = sourcecode.swift; path = TGAnimationButton.swift; sourceTree = "<group>"; };
		84D3B6591FEC056700522776 /* TGBottomBar.swift */ = {isa = PBXFileReference; fileEncoding = 4; lastKnownFileType = sourcecode.swift; path = TGBottomBar.swift; sourceTree = "<group>"; };
		84D3B65A1FEC056700522776 /* TGCameraVC.swift */ = {isa = PBXFileReference; fileEncoding = 4; lastKnownFileType = sourcecode.swift; path = TGCameraVC.swift; sourceTree = "<group>"; };
		84D3B65B1FEC056700522776 /* TGCameraVCForiOS8.swift */ = {isa = PBXFileReference; fileEncoding = 4; lastKnownFileType = sourcecode.swift; path = TGCameraVCForiOS8.swift; sourceTree = "<group>"; };
		84D3B65C1FEC056700522776 /* TGFetchM.swift */ = {isa = PBXFileReference; fileEncoding = 4; lastKnownFileType = sourcecode.swift; path = TGFetchM.swift; sourceTree = "<group>"; };
		84D3B65D1FEC056700522776 /* TGImage.swift */ = {isa = PBXFileReference; fileEncoding = 4; lastKnownFileType = sourcecode.swift; path = TGImage.swift; sourceTree = "<group>"; };
		84D3B65E1FEC056700522776 /* TGPhotoCollectionVC.swift */ = {isa = PBXFileReference; fileEncoding = 4; lastKnownFileType = sourcecode.swift; path = TGPhotoCollectionVC.swift; sourceTree = "<group>"; };
		84D3B65F1FEC056700522776 /* TGPhotoFetchOptions.swift */ = {isa = PBXFileReference; fileEncoding = 4; lastKnownFileType = sourcecode.swift; path = TGPhotoFetchOptions.swift; sourceTree = "<group>"; };
		84D3B6601FEC056700522776 /* TGPhotoImageManager.swift */ = {isa = PBXFileReference; fileEncoding = 4; lastKnownFileType = sourcecode.swift; path = TGPhotoImageManager.swift; sourceTree = "<group>"; };
		84D3B6611FEC056700522776 /* TGPhotoListVC.swift */ = {isa = PBXFileReference; fileEncoding = 4; lastKnownFileType = sourcecode.swift; path = TGPhotoListVC.swift; sourceTree = "<group>"; };
		84D3B6621FEC056700522776 /* TGPhotoM.swift */ = {isa = PBXFileReference; fileEncoding = 4; lastKnownFileType = sourcecode.swift; path = TGPhotoM.swift; sourceTree = "<group>"; };
		84D3B6631FEC056700522776 /* TGPhotoPicker.bundle */ = {isa = PBXFileReference; lastKnownFileType = "wrapper.plug-in"; path = TGPhotoPicker.bundle; sourceTree = "<group>"; };
		84D3B6641FEC056700522776 /* TGPhotoPicker.swift */ = {isa = PBXFileReference; fileEncoding = 4; lastKnownFileType = sourcecode.swift; path = TGPhotoPicker.swift; sourceTree = "<group>"; };
		84D3B6651FEC056700522776 /* TGPhotoPickerConfig.swift */ = {isa = PBXFileReference; fileEncoding = 4; lastKnownFileType = sourcecode.swift; path = TGPhotoPickerConfig.swift; sourceTree = "<group>"; };
		84D3B6661FEC056700522776 /* TGPhotoPickerManager.swift */ = {isa = PBXFileReference; fileEncoding = 4; lastKnownFileType = sourcecode.swift; path = TGPhotoPickerManager.swift; sourceTree = "<group>"; };
		84D3B6671FEC056700522776 /* TGPhotoPickerVC.swift */ = {isa = PBXFileReference; fileEncoding = 4; lastKnownFileType = sourcecode.swift; path = TGPhotoPickerVC.swift; sourceTree = "<group>"; };
		84D3B6681FEC056700522776 /* TGPhotoPreviewCell.swift */ = {isa = PBXFileReference; fileEncoding = 4; lastKnownFileType = sourcecode.swift; path = TGPhotoPreviewCell.swift; sourceTree = "<group>"; };
		84D3B6691FEC056700522776 /* TGPhotoPreviewVC.swift */ = {isa = PBXFileReference; fileEncoding = 4; lastKnownFileType = sourcecode.swift; path = TGPhotoPreviewVC.swift; sourceTree = "<group>"; };
		84D3B66A1FEC056700522776 /* TGTopBar.swift */ = {isa = PBXFileReference; fileEncoding = 4; lastKnownFileType = sourcecode.swift; path = TGTopBar.swift; sourceTree = "<group>"; };
		84F1C9BA1FEBF26E00B71CF0 /* icon-drop-down.png */ = {isa = PBXFileReference; lastKnownFileType = image.png; path = "icon-drop-down.png"; sourceTree = "<group>"; };
		937C1E82D860E76702D5FD6A /* Pods-Homework.release.xcconfig */ = {isa = PBXFileReference; includeInIndex = 1; lastKnownFileType = text.xcconfig; name = "Pods-Homework.release.xcconfig"; path = "Pods/Target Support Files/Pods-Homework/Pods-Homework.release.xcconfig"; sourceTree = "<group>"; };
		CE8C6C4A9FAD37F2CB741131 /* Pods_Homework.framework */ = {isa = PBXFileReference; explicitFileType = wrapper.framework; includeInIndex = 0; path = Pods_Homework.framework; sourceTree = BUILT_PRODUCTS_DIR; };
		D428329AF2ADD6B81D70B476 /* Pods-Homework.debug.xcconfig */ = {isa = PBXFileReference; includeInIndex = 1; lastKnownFileType = text.xcconfig; name = "Pods-Homework.debug.xcconfig"; path = "Pods/Target Support Files/Pods-Homework/Pods-Homework.debug.xcconfig"; sourceTree = "<group>"; };
/* End PBXFileReference section */

/* Begin PBXFrameworksBuildPhase section */
		847ACEAE1FEAE11200C9DD8F /* Frameworks */ = {
			isa = PBXFrameworksBuildPhase;
			buildActionMask = 2147483647;
			files = (
				845388871FEB9A6F00782ED5 /* IQKeyboardManagerSwift.framework in Frameworks */,
				145EE57C619C37ED37B66D4F /* Pods_Homework.framework in Frameworks */,
			);
			runOnlyForDeploymentPostprocessing = 0;
		};
/* End PBXFrameworksBuildPhase section */

/* Begin PBXGroup section */
		1A03B7D1598AA139D6FF1F33 /* Frameworks */ = {
			isa = PBXGroup;
			children = (
				845388881FEB9A6F00782ED5 /* IQKeyboardManagerSwift.framework */,
				CE8C6C4A9FAD37F2CB741131 /* Pods_Homework.framework */,
			);
			name = Frameworks;
			sourceTree = "<group>";
		};
		79B3862E7BBB9AC707AD1454 /* Pods */ = {
			isa = PBXGroup;
			children = (
				D428329AF2ADD6B81D70B476 /* Pods-Homework.debug.xcconfig */,
				937C1E82D860E76702D5FD6A /* Pods-Homework.release.xcconfig */,
			);
			name = Pods;
			sourceTree = "<group>";
		};
		8476170C1FEB468F00DC2B36 /* Resources */ = {
			isa = PBXGroup;
			children = (
				84F1C9BA1FEBF26E00B71CF0 /* icon-drop-down.png */,
				8453888F1FEBAEC900782ED5 /* Image 1.png */,
				8453888A1FEBAEC300782ED5 /* Image 2.png */,
				8453888B1FEBAEC400782ED5 /* Image 3.png */,
				8453888E1FEBAEC700782ED5 /* Image 4.png */,
				8453888C1FEBAEC400782ED5 /* Image 5.png */,
				8453888D1FEBAEC600782ED5 /* Image 6.png */,
				845388891FEBAEC000782ED5 /* Image 7.png */,
				845388901FEBAECC00782ED5 /* Image 9.png */,
				847617151FEB49BA00DC2B36 /* homework-logo.jpeg */,
			);
			path = Resources;
			sourceTree = "<group>";
		};
		847ACEA81FEAE11200C9DD8F = {
			isa = PBXGroup;
			children = (
				847ACEB31FEAE11300C9DD8F /* Homework */,
				847ACEB21FEAE11300C9DD8F /* Products */,
				79B3862E7BBB9AC707AD1454 /* Pods */,
				1A03B7D1598AA139D6FF1F33 /* Frameworks */,
			);
			sourceTree = "<group>";
		};
		847ACEB21FEAE11300C9DD8F /* Products */ = {
			isa = PBXGroup;
			children = (
				847ACEB11FEAE11300C9DD8F /* Homework.app */,
			);
			name = Products;
			sourceTree = "<group>";
		};
		847ACEB31FEAE11300C9DD8F /* Homework */ = {
			isa = PBXGroup;
			children = (
				8476170C1FEB468F00DC2B36 /* Resources */,
				847ACEB41FEAE11300C9DD8F /* AppDelegate.swift */,
				847ACEB61FEAE11300C9DD8F /* MainViewController.swift */,
				84D3B6551FEC056700522776 /* TGPhotoPicker */,
				847ACEB81FEAE11300C9DD8F /* Main.storyboard */,
				847ACEBB1FEAE11300C9DD8F /* Assets.xcassets */,
				847ACEBD1FEAE11300C9DD8F /* LaunchScreen.storyboard */,
				847ACEC01FEAE11300C9DD8F /* Info.plist */,
				8453889F1FEBBFE600782ED5 /* GoogleService-Info.plist */,
				847617191FEB532C00DC2B36 /* SignUpViewController.swift */,
				8476171F1FEB6F5C00DC2B36 /* CheckboxButton.swift */,
				845388991FEBBDDF00782ED5 /* StudentInfoViewController.swift */,
				8453889B1FEBBDFA00782ED5 /* UploadViewController.swift */,
				8453889D1FEBBE1600782ED5 /* HomeworkViewController.swift */,
			);
			path = Homework;
			sourceTree = "<group>";
		};
		84D3B6551FEC056700522776 /* TGPhotoPicker */ = {
			isa = PBXGroup;
			children = (
				84D3B6561FEC056700522776 /* TGActionSheet.swift */,
				84D3B6571FEC056700522776 /* TGAlbumPhotoPreviewVC.swift */,
				84D3B6581FEC056700522776 /* TGAnimationButton.swift */,
				84D3B6591FEC056700522776 /* TGBottomBar.swift */,
				84D3B65A1FEC056700522776 /* TGCameraVC.swift */,
				84D3B65B1FEC056700522776 /* TGCameraVCForiOS8.swift */,
				84D3B65C1FEC056700522776 /* TGFetchM.swift */,
				84D3B65D1FEC056700522776 /* TGImage.swift */,
				84D3B65E1FEC056700522776 /* TGPhotoCollectionVC.swift */,
				84D3B65F1FEC056700522776 /* TGPhotoFetchOptions.swift */,
				84D3B6601FEC056700522776 /* TGPhotoImageManager.swift */,
				84D3B6611FEC056700522776 /* TGPhotoListVC.swift */,
				84D3B6621FEC056700522776 /* TGPhotoM.swift */,
				84D3B6631FEC056700522776 /* TGPhotoPicker.bundle */,
				84D3B6641FEC056700522776 /* TGPhotoPicker.swift */,
				84D3B6651FEC056700522776 /* TGPhotoPickerConfig.swift */,
				84D3B6661FEC056700522776 /* TGPhotoPickerManager.swift */,
				84D3B6671FEC056700522776 /* TGPhotoPickerVC.swift */,
				84D3B6681FEC056700522776 /* TGPhotoPreviewCell.swift */,
				84D3B6691FEC056700522776 /* TGPhotoPreviewVC.swift */,
				84D3B66A1FEC056700522776 /* TGTopBar.swift */,
			);
			path = TGPhotoPicker;
			sourceTree = "<group>";
		};
/* End PBXGroup section */

/* Begin PBXNativeTarget section */
		847ACEB01FEAE11200C9DD8F /* Homework */ = {
			isa = PBXNativeTarget;
			buildConfigurationList = 847ACEC31FEAE11300C9DD8F /* Build configuration list for PBXNativeTarget "Homework" */;
			buildPhases = (
				8AFBE6E6BE8584BFEDE9F965 /* [CP] Check Pods Manifest.lock */,
				847ACEAD1FEAE11200C9DD8F /* Sources */,
				847ACEAE1FEAE11200C9DD8F /* Frameworks */,
				847ACEAF1FEAE11200C9DD8F /* Resources */,
				35F969F84B170EEB8F7DD4D7 /* [CP] Embed Pods Frameworks */,
				76768EADEA132C1EBF2B12BC /* [CP] Copy Pods Resources */,
			);
			buildRules = (
			);
			dependencies = (
			);
			name = Homework;
			productName = Homework;
			productReference = 847ACEB11FEAE11300C9DD8F /* Homework.app */;
			productType = "com.apple.product-type.application";
		};
/* End PBXNativeTarget section */

/* Begin PBXProject section */
		847ACEA91FEAE11200C9DD8F /* Project object */ = {
			isa = PBXProject;
			attributes = {
				LastSwiftUpdateCheck = 0900;
				LastUpgradeCheck = 0900;
				ORGANIZATIONNAME = "Xiaoming Yu";
				TargetAttributes = {
					847ACEB01FEAE11200C9DD8F = {
						CreatedOnToolsVersion = 9.0;
						ProvisioningStyle = Automatic;
					};
				};
			};
			buildConfigurationList = 847ACEAC1FEAE11200C9DD8F /* Build configuration list for PBXProject "Homework" */;
			compatibilityVersion = "Xcode 8.0";
			developmentRegion = en;
			hasScannedForEncodings = 0;
			knownRegions = (
				en,
				Base,
			);
			mainGroup = 847ACEA81FEAE11200C9DD8F;
			productRefGroup = 847ACEB21FEAE11300C9DD8F /* Products */;
			projectDirPath = "";
			projectRoot = "";
			targets = (
				847ACEB01FEAE11200C9DD8F /* Homework */,
			);
		};
/* End PBXProject section */

/* Begin PBXResourcesBuildPhase section */
		847ACEAF1FEAE11200C9DD8F /* Resources */ = {
			isa = PBXResourcesBuildPhase;
			buildActionMask = 2147483647;
			files = (
				845388A01FEBBFE600782ED5 /* GoogleService-Info.plist in Resources */,
				845388931FEBAECC00782ED5 /* Image 3.png in Resources */,
				845388951FEBAECC00782ED5 /* Image 6.png in Resources */,
				84F1C9BB1FEBF26F00B71CF0 /* icon-drop-down.png in Resources */,
				845388911FEBAECC00782ED5 /* Image 7.png in Resources */,
				845388961FEBAECC00782ED5 /* Image 4.png in Resources */,
				845388921FEBAECC00782ED5 /* Image 2.png in Resources */,
				847ACEBF1FEAE11300C9DD8F /* LaunchScreen.storyboard in Resources */,
				845388971FEBAECC00782ED5 /* Image 1.png in Resources */,
				847ACEBC1FEAE11300C9DD8F /* Assets.xcassets in Resources */,
				847ACEBA1FEAE11300C9DD8F /* Main.storyboard in Resources */,
				84D3B6781FEC056700522776 /* TGPhotoPicker.bundle in Resources */,
				845388941FEBAECC00782ED5 /* Image 5.png in Resources */,
				845388981FEBAECC00782ED5 /* Image 9.png in Resources */,
				847617161FEB49BA00DC2B36 /* homework-logo.jpeg in Resources */,
			);
			runOnlyForDeploymentPostprocessing = 0;
		};
/* End PBXResourcesBuildPhase section */

/* Begin PBXShellScriptBuildPhase section */
		35F969F84B170EEB8F7DD4D7 /* [CP] Embed Pods Frameworks */ = {
			isa = PBXShellScriptBuildPhase;
			buildActionMask = 2147483647;
			files = (
			);
			inputPaths = (
				"${SRCROOT}/Pods/Target Support Files/Pods-Homework/Pods-Homework-frameworks.sh",
				"${BUILT_PRODUCTS_DIR}/GTMSessionFetcher/GTMSessionFetcher.framework",
				"${BUILT_PRODUCTS_DIR}/GoogleToolboxForMac/GoogleToolboxForMac.framework",
				"${BUILT_PRODUCTS_DIR}/IQKeyboardManagerSwift/IQKeyboardManagerSwift.framework",
				"${BUILT_PRODUCTS_DIR}/leveldb-library/leveldb.framework",
				"${BUILT_PRODUCTS_DIR}/nanopb/nanopb.framework",
			);
			name = "[CP] Embed Pods Frameworks";
			outputPaths = (
				"${TARGET_BUILD_DIR}/${FRAMEWORKS_FOLDER_PATH}/GTMSessionFetcher.framework",
				"${TARGET_BUILD_DIR}/${FRAMEWORKS_FOLDER_PATH}/GoogleToolboxForMac.framework",
				"${TARGET_BUILD_DIR}/${FRAMEWORKS_FOLDER_PATH}/IQKeyboardManagerSwift.framework",
				"${TARGET_BUILD_DIR}/${FRAMEWORKS_FOLDER_PATH}/leveldb.framework",
				"${TARGET_BUILD_DIR}/${FRAMEWORKS_FOLDER_PATH}/nanopb.framework",
			);
			runOnlyForDeploymentPostprocessing = 0;
			shellPath = /bin/sh;
			shellScript = "\"${SRCROOT}/Pods/Target Support Files/Pods-Homework/Pods-Homework-frameworks.sh\"\n";
			showEnvVarsInLog = 0;
		};
		76768EADEA132C1EBF2B12BC /* [CP] Copy Pods Resources */ = {
			isa = PBXShellScriptBuildPhase;
			buildActionMask = 2147483647;
			files = (
			);
			inputPaths = (
			);
			name = "[CP] Copy Pods Resources";
			outputPaths = (
			);
			runOnlyForDeploymentPostprocessing = 0;
			shellPath = /bin/sh;
			shellScript = "\"${SRCROOT}/Pods/Target Support Files/Pods-Homework/Pods-Homework-resources.sh\"\n";
			showEnvVarsInLog = 0;
		};
		8AFBE6E6BE8584BFEDE9F965 /* [CP] Check Pods Manifest.lock */ = {
			isa = PBXShellScriptBuildPhase;
			buildActionMask = 2147483647;
			files = (
			);
			inputPaths = (
				"${PODS_PODFILE_DIR_PATH}/Podfile.lock",
				"${PODS_ROOT}/Manifest.lock",
			);
			name = "[CP] Check Pods Manifest.lock";
			outputPaths = (
				"$(DERIVED_FILE_DIR)/Pods-Homework-checkManifestLockResult.txt",
			);
			runOnlyForDeploymentPostprocessing = 0;
			shellPath = /bin/sh;
			shellScript = "diff \"${PODS_PODFILE_DIR_PATH}/Podfile.lock\" \"${PODS_ROOT}/Manifest.lock\" > /dev/null\nif [ $? != 0 ] ; then\n    # print error to STDERR\n    echo \"error: The sandbox is not in sync with the Podfile.lock. Run 'pod install' or update your CocoaPods installation.\" >&2\n    exit 1\nfi\n# This output is used by Xcode 'outputs' to avoid re-running this script phase.\necho \"SUCCESS\" > \"${SCRIPT_OUTPUT_FILE_0}\"\n";
			showEnvVarsInLog = 0;
		};
/* End PBXShellScriptBuildPhase section */

/* Begin PBXSourcesBuildPhase section */
		847ACEAD1FEAE11200C9DD8F /* Sources */ = {
			isa = PBXSourcesBuildPhase;
			buildActionMask = 2147483647;
			files = (
				84D3B6701FEC056700522776 /* TGCameraVCForiOS8.swift in Sources */,
				84D3B66B1FEC056700522776 /* TGActionSheet.swift in Sources */,
				8476171A1FEB532C00DC2B36 /* SignUpViewController.swift in Sources */,
				84D3B67B1FEC056700522776 /* TGPhotoPickerManager.swift in Sources */,
				84D3B67F1FEC056700522776 /* TGTopBar.swift in Sources */,
				8453889C1FEBBDFA00782ED5 /* UploadViewController.swift in Sources */,
				84D3B67E1FEC056700522776 /* TGPhotoPreviewVC.swift in Sources */,
				8453889E1FEBBE1600782ED5 /* HomeworkViewController.swift in Sources */,
				84D3B66E1FEC056700522776 /* TGBottomBar.swift in Sources */,
				84D3B66C1FEC056700522776 /* TGAlbumPhotoPreviewVC.swift in Sources */,
				84D3B6771FEC056700522776 /* TGPhotoM.swift in Sources */,
				84D3B6751FEC056700522776 /* TGPhotoImageManager.swift in Sources */,
				84D3B66D1FEC056700522776 /* TGAnimationButton.swift in Sources */,
				847ACEB71FEAE11300C9DD8F /* MainViewController.swift in Sources */,
				84D3B67C1FEC056700522776 /* TGPhotoPickerVC.swift in Sources */,
				84D3B67D1FEC056700522776 /* TGPhotoPreviewCell.swift in Sources */,
				84D3B6721FEC056700522776 /* TGImage.swift in Sources */,
				84D3B6791FEC056700522776 /* TGPhotoPicker.swift in Sources */,
				84D3B67A1FEC056700522776 /* TGPhotoPickerConfig.swift in Sources */,
				84D3B6741FEC056700522776 /* TGPhotoFetchOptions.swift in Sources */,
				84D3B6711FEC056700522776 /* TGFetchM.swift in Sources */,
				84D3B66F1FEC056700522776 /* TGCameraVC.swift in Sources */,
				8453889A1FEBBDDF00782ED5 /* StudentInfoViewController.swift in Sources */,
				847617201FEB6F5C00DC2B36 /* CheckboxButton.swift in Sources */,
				84D3B6761FEC056700522776 /* TGPhotoListVC.swift in Sources */,
				84D3B6731FEC056700522776 /* TGPhotoCollectionVC.swift in Sources */,
				847ACEB51FEAE11300C9DD8F /* AppDelegate.swift in Sources */,
			);
			runOnlyForDeploymentPostprocessing = 0;
		};
/* End PBXSourcesBuildPhase section */

/* Begin PBXVariantGroup section */
		847ACEB81FEAE11300C9DD8F /* Main.storyboard */ = {
			isa = PBXVariantGroup;
			children = (
				847ACEB91FEAE11300C9DD8F /* Base */,
			);
			name = Main.storyboard;
			sourceTree = "<group>";
		};
		847ACEBD1FEAE11300C9DD8F /* LaunchScreen.storyboard */ = {
			isa = PBXVariantGroup;
			children = (
				847ACEBE1FEAE11300C9DD8F /* Base */,
			);
			name = LaunchScreen.storyboard;
			sourceTree = "<group>";
		};
/* End PBXVariantGroup section */

/* Begin XCBuildConfiguration section */
		847ACEC11FEAE11300C9DD8F /* Debug */ = {
			isa = XCBuildConfiguration;
			buildSettings = {
				ALWAYS_SEARCH_USER_PATHS = NO;
				CLANG_ANALYZER_NONNULL = YES;
				CLANG_ANALYZER_NUMBER_OBJECT_CONVERSION = YES_AGGRESSIVE;
				CLANG_CXX_LANGUAGE_STANDARD = "gnu++14";
				CLANG_CXX_LIBRARY = "libc++";
				CLANG_ENABLE_MODULES = YES;
				CLANG_ENABLE_OBJC_ARC = YES;
				CLANG_WARN_BLOCK_CAPTURE_AUTORELEASING = YES;
				CLANG_WARN_BOOL_CONVERSION = YES;
				CLANG_WARN_COMMA = YES;
				CLANG_WARN_CONSTANT_CONVERSION = YES;
				CLANG_WARN_DIRECT_OBJC_ISA_USAGE = YES_ERROR;
				CLANG_WARN_DOCUMENTATION_COMMENTS = YES;
				CLANG_WARN_EMPTY_BODY = YES;
				CLANG_WARN_ENUM_CONVERSION = YES;
				CLANG_WARN_INFINITE_RECURSION = YES;
				CLANG_WARN_INT_CONVERSION = YES;
				CLANG_WARN_NON_LITERAL_NULL_CONVERSION = YES;
				CLANG_WARN_OBJC_LITERAL_CONVERSION = YES;
				CLANG_WARN_OBJC_ROOT_CLASS = YES_ERROR;
				CLANG_WARN_RANGE_LOOP_ANALYSIS = YES;
				CLANG_WARN_STRICT_PROTOTYPES = YES;
				CLANG_WARN_SUSPICIOUS_MOVE = YES;
				CLANG_WARN_UNGUARDED_AVAILABILITY = YES_AGGRESSIVE;
				CLANG_WARN_UNREACHABLE_CODE = YES;
				CLANG_WARN__DUPLICATE_METHOD_MATCH = YES;
				CODE_SIGN_IDENTITY = "iPhone Developer";
				COPY_PHASE_STRIP = NO;
				DEBUG_INFORMATION_FORMAT = dwarf;
				ENABLE_STRICT_OBJC_MSGSEND = YES;
				ENABLE_TESTABILITY = YES;
				GCC_C_LANGUAGE_STANDARD = gnu11;
				GCC_DYNAMIC_NO_PIC = NO;
				GCC_NO_COMMON_BLOCKS = YES;
				GCC_OPTIMIZATION_LEVEL = 0;
				GCC_PREPROCESSOR_DEFINITIONS = (
					"DEBUG=1",
					"$(inherited)",
				);
				GCC_WARN_64_TO_32_BIT_CONVERSION = YES;
				GCC_WARN_ABOUT_RETURN_TYPE = YES_ERROR;
				GCC_WARN_UNDECLARED_SELECTOR = YES;
				GCC_WARN_UNINITIALIZED_AUTOS = YES_AGGRESSIVE;
				GCC_WARN_UNUSED_FUNCTION = YES;
				GCC_WARN_UNUSED_VARIABLE = YES;
				IPHONEOS_DEPLOYMENT_TARGET = 11.0;
				MTL_ENABLE_DEBUG_INFO = YES;
				ONLY_ACTIVE_ARCH = YES;
				SDKROOT = iphoneos;
				SWIFT_ACTIVE_COMPILATION_CONDITIONS = DEBUG;
				SWIFT_OPTIMIZATION_LEVEL = "-Onone";
			};
			name = Debug;
		};
		847ACEC21FEAE11300C9DD8F /* Release */ = {
			isa = XCBuildConfiguration;
			buildSettings = {
				ALWAYS_SEARCH_USER_PATHS = NO;
				CLANG_ANALYZER_NONNULL = YES;
				CLANG_ANALYZER_NUMBER_OBJECT_CONVERSION = YES_AGGRESSIVE;
				CLANG_CXX_LANGUAGE_STANDARD = "gnu++14";
				CLANG_CXX_LIBRARY = "libc++";
				CLANG_ENABLE_MODULES = YES;
				CLANG_ENABLE_OBJC_ARC = YES;
				CLANG_WARN_BLOCK_CAPTURE_AUTORELEASING = YES;
				CLANG_WARN_BOOL_CONVERSION = YES;
				CLANG_WARN_COMMA = YES;
				CLANG_WARN_CONSTANT_CONVERSION = YES;
				CLANG_WARN_DIRECT_OBJC_ISA_USAGE = YES_ERROR;
				CLANG_WARN_DOCUMENTATION_COMMENTS = YES;
				CLANG_WARN_EMPTY_BODY = YES;
				CLANG_WARN_ENUM_CONVERSION = YES;
				CLANG_WARN_INFINITE_RECURSION = YES;
				CLANG_WARN_INT_CONVERSION = YES;
				CLANG_WARN_NON_LITERAL_NULL_CONVERSION = YES;
				CLANG_WARN_OBJC_LITERAL_CONVERSION = YES;
				CLANG_WARN_OBJC_ROOT_CLASS = YES_ERROR;
				CLANG_WARN_RANGE_LOOP_ANALYSIS = YES;
				CLANG_WARN_STRICT_PROTOTYPES = YES;
				CLANG_WARN_SUSPICIOUS_MOVE = YES;
				CLANG_WARN_UNGUARDED_AVAILABILITY = YES_AGGRESSIVE;
				CLANG_WARN_UNREACHABLE_CODE = YES;
				CLANG_WARN__DUPLICATE_METHOD_MATCH = YES;
				CODE_SIGN_IDENTITY = "iPhone Developer";
				COPY_PHASE_STRIP = NO;
				DEBUG_INFORMATION_FORMAT = "dwarf-with-dsym";
				ENABLE_NS_ASSERTIONS = NO;
				ENABLE_STRICT_OBJC_MSGSEND = YES;
				GCC_C_LANGUAGE_STANDARD = gnu11;
				GCC_NO_COMMON_BLOCKS = YES;
				GCC_WARN_64_TO_32_BIT_CONVERSION = YES;
				GCC_WARN_ABOUT_RETURN_TYPE = YES_ERROR;
				GCC_WARN_UNDECLARED_SELECTOR = YES;
				GCC_WARN_UNINITIALIZED_AUTOS = YES_AGGRESSIVE;
				GCC_WARN_UNUSED_FUNCTION = YES;
				GCC_WARN_UNUSED_VARIABLE = YES;
				IPHONEOS_DEPLOYMENT_TARGET = 11.0;
				MTL_ENABLE_DEBUG_INFO = NO;
				SDKROOT = iphoneos;
				SWIFT_OPTIMIZATION_LEVEL = "-Owholemodule";
				VALIDATE_PRODUCT = YES;
			};
			name = Release;
		};
		847ACEC41FEAE11300C9DD8F /* Debug */ = {
			isa = XCBuildConfiguration;
			baseConfigurationReference = D428329AF2ADD6B81D70B476 /* Pods-Homework.debug.xcconfig */;
			buildSettings = {
				ASSETCATALOG_COMPILER_APPICON_NAME = AppIcon;
				CODE_SIGN_STYLE = Automatic;
				DEVELOPMENT_TEAM = U7GP23J9DD;
				INFOPLIST_FILE = Homework/Info.plist;
				LD_RUNPATH_SEARCH_PATHS = "$(inherited) @executable_path/Frameworks";
				PRODUCT_BUNDLE_IDENTIFIER = com.ArthurTam.Homeworks;
				PRODUCT_NAME = "$(TARGET_NAME)";
				SWIFT_VERSION = 4.0;
				TARGETED_DEVICE_FAMILY = "1,2";
			};
			name = Debug;
		};
		847ACEC51FEAE11300C9DD8F /* Release */ = {
			isa = XCBuildConfiguration;
			baseConfigurationReference = 937C1E82D860E76702D5FD6A /* Pods-Homework.release.xcconfig */;
			buildSettings = {
				ASSETCATALOG_COMPILER_APPICON_NAME = AppIcon;
				CODE_SIGN_STYLE = Automatic;
				DEVELOPMENT_TEAM = U7GP23J9DD;
				INFOPLIST_FILE = Homework/Info.plist;
				LD_RUNPATH_SEARCH_PATHS = "$(inherited) @executable_path/Frameworks";
				PRODUCT_BUNDLE_IDENTIFIER = com.ArthurTam.Homeworks;
				PRODUCT_NAME = "$(TARGET_NAME)";
				SWIFT_VERSION = 4.0;
				TARGETED_DEVICE_FAMILY = "1,2";
			};
			name = Release;
		};
/* End XCBuildConfiguration section */

/* Begin XCConfigurationList section */
		847ACEAC1FEAE11200C9DD8F /* Build configuration list for PBXProject "Homework" */ = {
			isa = XCConfigurationList;
			buildConfigurations = (
				847ACEC11FEAE11300C9DD8F /* Debug */,
				847ACEC21FEAE11300C9DD8F /* Release */,
			);
			defaultConfigurationIsVisible = 0;
			defaultConfigurationName = Release;
		};
		847ACEC31FEAE11300C9DD8F /* Build configuration list for PBXNativeTarget "Homework" */ = {
			isa = XCConfigurationList;
			buildConfigurations = (
				847ACEC41FEAE11300C9DD8F /* Debug */,
				847ACEC51FEAE11300C9DD8F /* Release */,
			);
			defaultConfigurationIsVisible = 0;
			defaultConfigurationName = Release;
		};
/* End XCConfigurationList section */
	};
	rootObject = 847ACEA91FEAE11200C9DD8F /* Project object */;
}
